{
  "requires": true,
  "lockfileVersion": 1,
  "dependencies": {
    "rxjs-compat": {
      "version": "6.0.0-tactical-rc.1",
      "resolved": "https://registry.npmjs.org/rxjs-compat/-/rxjs-compat-6.0.0-tactical-rc.1.tgz",
      "integrity": "sha512-lXvn8P/VXgeThxh4bvRXGeBt9zLKsRwQGhsPk3MPM+IWIJoAmIwlhG9ykxkHUGH8urI79J4K+kkiBQ2NpNCIlg=="
    }
  }
}
